
Microsoft Visual Studio Solution File, Format Version 12.00
# Visual Studio Version 17
VisualStudioVersion = 17.11.34909.212
MinimumVisualStudioVersion = 10.0.40219.1
Project("{9A19103F-16F7-4668-BE54-9A1E7A4F7556}") = "AdvenchR", "AdvenchR\AdvenchR.csproj", "{76CE5084-DB10-4432-A795-D2B56A8497C0}"
EndProject
Project("{FAE04EC0-301F-11D3-BF4B-00C04F79EFBC}") = "AdvenchR.AppHost", "AdvenchR.AppHost\AdvenchR.AppHost.csproj", "{36263295-0463-4E14-A705-5E96EC7E5B5B}"
EndProject
Project("{9A19103F-16F7-4668-BE54-9A1E7A4F7556}") = "AdvenchR.ServiceDefaults", "AdvenchR.ServiceDefaults\AdvenchR.ServiceDefaults.csproj", "{0C63A0C4-C0CE-4B69-B6C7-62404EFB55C1}"
EndProject
Global
	GlobalSection(SolutionConfigurationPlatforms) = preSolution
		Debug|Any CPU = Debug|Any CPU
		Release|Any CPU = Release|Any CPU
	EndGlobalSection
	GlobalSection(ProjectConfigurationPlatforms) = postSolution
		{76CE5084-DB10-4432-A795-D2B56A8497C0}.Debug|Any CPU.ActiveCfg = Debug|Any CPU
		{76CE5084-DB10-4432-A795-D2B56A8497C0}.Debug|Any CPU.Build.0 = Debug|Any CPU
		{76CE5084-DB10-4432-A795-D2B56A8497C0}.Release|Any CPU.ActiveCfg = Release|Any CPU
		{76CE5084-DB10-4432-A795-D2B56A8497C0}.Release|Any CPU.Build.0 = Release|Any CPU
		{36263295-0463-4E14-A705-5E96EC7E5B5B}.Debug|Any CPU.ActiveCfg = Debug|Any CPU
		{36263295-0463-4E14-A705-5E96EC7E5B5B}.Debug|Any CPU.Build.0 = Debug|Any CPU
		{36263295-0463-4E14-A705-5E96EC7E5B5B}.Release|Any CPU.ActiveCfg = Release|Any CPU
		{36263295-0463-4E14-A705-5E96EC7E5B5B}.Release|Any CPU.Build.0 = Release|Any CPU
		{0C63A0C4-C0CE-4B69-B6C7-62404EFB55C1}.Debug|Any CPU.ActiveCfg = Debug|Any CPU
		{0C63A0C4-C0CE-4B69-B6C7-62404EFB55C1}.Debug|Any CPU.Build.0 = Debug|Any CPU
		{0C63A0C4-C0CE-4B69-B6C7-62404EFB55C1}.Release|Any CPU.ActiveCfg = Release|Any CPU
		{0C63A0C4-C0CE-4B69-B6C7-62404EFB55C1}.Release|Any CPU.Build.0 = Release|Any CPU
	EndGlobalSection
	GlobalSection(SolutionProperties) = preSolution
		HideSolutionNode = FALSE
	EndGlobalSection
	GlobalSection(ExtensibilityGlobals) = postSolution
		SolutionGuid = {DD8742E8-30F4-45DF-83E8-A6198EFC5543}
	EndGlobalSection
EndGlobal
